// !$*UTF8*$!
{
	archiveVersion = 1;
	classes = {
	};
	objectVersion = 48;
	objects = {

/* Begin PBXBuildFile section */
		87B5CD731FCAE6340095EF8A /* AppDelegate.swift in Sources */ = {isa = PBXBuildFile; fileRef = 87B5CD721FCAE6340095EF8A /* AppDelegate.swift */; };
		87B5CD751FCAE6340095EF8A /* ViewController.swift in Sources */ = {isa = PBXBuildFile; fileRef = 87B5CD741FCAE6340095EF8A /* ViewController.swift */; };
		87B5CD781FCAE6340095EF8A /* Main.storyboard in Resources */ = {isa = PBXBuildFile; fileRef = 87B5CD761FCAE6340095EF8A /* Main.storyboard */; };
		87B5CD7A1FCAE6340095EF8A /* Assets.xcassets in Resources */ = {isa = PBXBuildFile; fileRef = 87B5CD791FCAE6340095EF8A /* Assets.xcassets */; };
		87B5CD7D1FCAE6340095EF8A /* LaunchScreen.storyboard in Resources */ = {isa = PBXBuildFile; fileRef = 87B5CD7B1FCAE6340095EF8A /* LaunchScreen.storyboard */; };
		87B5CD851FCAE67B0095EF8A /* GoogleService-Info.plist in Resources */ = {isa = PBXBuildFile; fileRef = 87B5CD841FCAE67B0095EF8A /* GoogleService-Info.plist */; };
		87CACC2E1FCAE98B00B636D7 /* GFBase32Utils.m in Sources */ = {isa = PBXBuildFile; fileRef = 87CACC231FCAE98B00B636D7 /* GFBase32Utils.m */; };
		87CACC2F1FCAE98B00B636D7 /* GeoFire.m in Sources */ = {isa = PBXBuildFile; fileRef = 87CACC251FCAE98B00B636D7 /* GeoFire.m */; };
		87CACC301FCAE98B00B636D7 /* GFGeoHashQuery.m in Sources */ = {isa = PBXBuildFile; fileRef = 87CACC261FCAE98B00B636D7 /* GFGeoHashQuery.m */; };
		87CACC311FCAE98B00B636D7 /* GFQuery.m in Sources */ = {isa = PBXBuildFile; fileRef = 87CACC271FCAE98B00B636D7 /* GFQuery.m */; };
		87CACC321FCAE98B00B636D7 /* GFGeoHash.m in Sources */ = {isa = PBXBuildFile; fileRef = 87CACC281FCAE98B00B636D7 /* GFGeoHash.m */; };
		AC2ACF55D2004B585F10D4F1 /* Pods_PokeFinder.framework in Frameworks */ = {isa = PBXBuildFile; fileRef = E1DF4239419370FB39BCCDEF /* Pods_PokeFinder.framework */; };
/* End PBXBuildFile section */

/* Begin PBXFileReference section */
		0B67C2F3D8DF0A766702881A /* Pods-PokeFinder.debug.xcconfig */ = {isa = PBXFileReference; includeInIndex = 1; lastKnownFileType = text.xcconfig; name = "Pods-PokeFinder.debug.xcconfig"; path = "Pods/Target Support Files/Pods-PokeFinder/Pods-PokeFinder.debug.xcconfig"; sourceTree = "<group>"; };
		174EF5E9CBBBE08BBE6B776A /* Pods-PokeFinder.release.xcconfig */ = {isa = PBXFileReference; includeInIndex = 1; lastKnownFileType = text.xcconfig; name = "Pods-PokeFinder.release.xcconfig"; path = "Pods/Target Support Files/Pods-PokeFinder/Pods-PokeFinder.release.xcconfig"; sourceTree = "<group>"; };
		87B5CD6F1FCAE6340095EF8A /* PokeFinder.app */ = {isa = PBXFileReference; explicitFileType = wrapper.application; includeInIndex = 0; path = PokeFinder.app; sourceTree = BUILT_PRODUCTS_DIR; };
		87B5CD721FCAE6340095EF8A /* AppDelegate.swift */ = {isa = PBXFileReference; lastKnownFileType = sourcecode.swift; path = AppDelegate.swift; sourceTree = "<group>"; };
		87B5CD741FCAE6340095EF8A /* ViewController.swift */ = {isa = PBXFileReference; lastKnownFileType = sourcecode.swift; path = ViewController.swift; sourceTree = "<group>"; };
		87B5CD771FCAE6340095EF8A /* Base */ = {isa = PBXFileReference; lastKnownFileType = file.storyboard; name = Base; path = Base.lproj/Main.storyboard; sourceTree = "<group>"; };
		87B5CD791FCAE6340095EF8A /* Assets.xcassets */ = {isa = PBXFileReference; lastKnownFileType = folder.assetcatalog; path = Assets.xcassets; sourceTree = "<group>"; };
		87B5CD7C1FCAE6340095EF8A /* Base */ = {isa = PBXFileReference; lastKnownFileType = file.storyboard; name = Base; path = Base.lproj/LaunchScreen.storyboard; sourceTree = "<group>"; };
		87B5CD7E1FCAE6340095EF8A /* Info.plist */ = {isa = PBXFileReference; lastKnownFileType = text.plist.xml; path = Info.plist; sourceTree = "<group>"; };
		87B5CD841FCAE67B0095EF8A /* GoogleService-Info.plist */ = {isa = PBXFileReference; fileEncoding = 4; lastKnownFileType = text.plist.xml; path = "GoogleService-Info.plist"; sourceTree = "<group>"; };
		87CACC1D1FCAE98B00B636D7 /* GeoFire-Prefix.pch */ = {isa = PBXFileReference; fileEncoding = 4; lastKnownFileType = sourcecode.c.h; path = "GeoFire-Prefix.pch"; sourceTree = "<group>"; };
		87CACC1F1FCAE98B00B636D7 /* GFBase32Utils.h */ = {isa = PBXFileReference; fileEncoding = 4; lastKnownFileType = sourcecode.c.h; path = GFBase32Utils.h; sourceTree = "<group>"; };
		87CACC201FCAE98B00B636D7 /* GFGeoHashQuery.h */ = {isa = PBXFileReference; fileEncoding = 4; lastKnownFileType = sourcecode.c.h; path = GFGeoHashQuery.h; sourceTree = "<group>"; };
		87CACC211FCAE98B00B636D7 /* GFGeoHash.h */ = {isa = PBXFileReference; fileEncoding = 4; lastKnownFileType = sourcecode.c.h; path = GFGeoHash.h; sourceTree = "<group>"; };
		87CACC221FCAE98B00B636D7 /* GFQuery+Private.h */ = {isa = PBXFileReference; fileEncoding = 4; lastKnownFileType = sourcecode.c.h; path = "GFQuery+Private.h"; sourceTree = "<group>"; };
		87CACC231FCAE98B00B636D7 /* GFBase32Utils.m */ = {isa = PBXFileReference; fileEncoding = 4; lastKnownFileType = sourcecode.c.objc; path = GFBase32Utils.m; sourceTree = "<group>"; };
		87CACC241FCAE98B00B636D7 /* GeoFire+Private.h */ = {isa = PBXFileReference; fileEncoding = 4; lastKnownFileType = sourcecode.c.h; path = "GeoFire+Private.h"; sourceTree = "<group>"; };
		87CACC251FCAE98B00B636D7 /* GeoFire.m */ = {isa = PBXFileReference; fileEncoding = 4; lastKnownFileType = sourcecode.c.objc; path = GeoFire.m; sourceTree = "<group>"; };
		87CACC261FCAE98B00B636D7 /* GFGeoHashQuery.m */ = {isa = PBXFileReference; fileEncoding = 4; lastKnownFileType = sourcecode.c.objc; path = GFGeoHashQuery.m; sourceTree = "<group>"; };
		87CACC271FCAE98B00B636D7 /* GFQuery.m */ = {isa = PBXFileReference; fileEncoding = 4; lastKnownFileType = sourcecode.c.objc; path = GFQuery.m; sourceTree = "<group>"; };
		87CACC281FCAE98B00B636D7 /* GFGeoHash.m */ = {isa = PBXFileReference; fileEncoding = 4; lastKnownFileType = sourcecode.c.objc; path = GFGeoHash.m; sourceTree = "<group>"; };
		87CACC2A1FCAE98B00B636D7 /* GFRegionQuery.h */ = {isa = PBXFileReference; fileEncoding = 4; lastKnownFileType = sourcecode.c.h; path = GFRegionQuery.h; sourceTree = "<group>"; };
		87CACC2B1FCAE98B00B636D7 /* GeoFire.h */ = {isa = PBXFileReference; fileEncoding = 4; lastKnownFileType = sourcecode.c.h; path = GeoFire.h; sourceTree = "<group>"; };
		87CACC2C1FCAE98B00B636D7 /* GFQuery.h */ = {isa = PBXFileReference; fileEncoding = 4; lastKnownFileType = sourcecode.c.h; path = GFQuery.h; sourceTree = "<group>"; };
		87CACC2D1FCAE98B00B636D7 /* GFCircleQuery.h */ = {isa = PBXFileReference; fileEncoding = 4; lastKnownFileType = sourcecode.c.h; path = GFCircleQuery.h; sourceTree = "<group>"; };
		87CACC381FCAEAF100B636D7 /* PokeFinder-Bridging-Header.h */ = {isa = PBXFileReference; lastKnownFileType = sourcecode.c.h; path = "PokeFinder-Bridging-Header.h"; sourceTree = "<group>"; };
		E1DF4239419370FB39BCCDEF /* Pods_PokeFinder.framework */ = {isa = PBXFileReference; explicitFileType = wrapper.framework; includeInIndex = 0; path = Pods_PokeFinder.framework; sourceTree = BUILT_PRODUCTS_DIR; };
/* End PBXFileReference section */

/* Begin PBXFrameworksBuildPhase section */
		87B5CD6C1FCAE6340095EF8A /* Frameworks */ = {
			isa = PBXFrameworksBuildPhase;
			buildActionMask = 2147483647;
			files = (
				AC2ACF55D2004B585F10D4F1 /* Pods_PokeFinder.framework in Frameworks */,
			);
			runOnlyForDeploymentPostprocessing = 0;
		};
/* End PBXFrameworksBuildPhase section */

/* Begin PBXGroup section */
		87B5CD661FCAE6340095EF8A = {
			isa = PBXGroup;
			children = (
				87B5CD711FCAE6340095EF8A /* PokeFinder */,
				87B5CD701FCAE6340095EF8A /* Products */,
				C0A5C9CA8EEA275C90DE128E /* Pods */,
				88A5E725FD0FC58B8B6FD07E /* Frameworks */,
			);
			sourceTree = "<group>";
		};
		87B5CD701FCAE6340095EF8A /* Products */ = {
			isa = PBXGroup;
			children = (
				87B5CD6F1FCAE6340095EF8A /* PokeFinder.app */,
			);
			name = Products;
			sourceTree = "<group>";
		};
		87B5CD711FCAE6340095EF8A /* PokeFinder */ = {
			isa = PBXGroup;
			children = (
				87B5CD721FCAE6340095EF8A /* AppDelegate.swift */,
				87B5CD741FCAE6340095EF8A /* ViewController.swift */,
				87B5CD761FCAE6340095EF8A /* Main.storyboard */,
				87B5CD791FCAE6340095EF8A /* Assets.xcassets */,
				87B5CD7B1FCAE6340095EF8A /* LaunchScreen.storyboard */,
				87B5CD7E1FCAE6340095EF8A /* Info.plist */,
				87B5CD841FCAE67B0095EF8A /* GoogleService-Info.plist */,
				87CACC1C1FCAE98B00B636D7 /* GeoFire */,
				87CACC381FCAEAF100B636D7 /* PokeFinder-Bridging-Header.h */,
			);
			path = PokeFinder;
			sourceTree = "<group>";
		};
		87CACC1C1FCAE98B00B636D7 /* GeoFire */ = {
			isa = PBXGroup;
			children = (
				87CACC1D1FCAE98B00B636D7 /* GeoFire-Prefix.pch */,
				87CACC1E1FCAE98B00B636D7 /* Implementation */,
				87CACC291FCAE98B00B636D7 /* API */,
			);
			name = GeoFire;
			path = "geofire-objc/GeoFire";
			sourceTree = SOURCE_ROOT;
		};
		87CACC1E1FCAE98B00B636D7 /* Implementation */ = {
			isa = PBXGroup;
			children = (
				87CACC1F1FCAE98B00B636D7 /* GFBase32Utils.h */,
				87CACC201FCAE98B00B636D7 /* GFGeoHashQuery.h */,
				87CACC211FCAE98B00B636D7 /* GFGeoHash.h */,
				87CACC221FCAE98B00B636D7 /* GFQuery+Private.h */,
				87CACC231FCAE98B00B636D7 /* GFBase32Utils.m */,
				87CACC241FCAE98B00B636D7 /* GeoFire+Private.h */,
				87CACC251FCAE98B00B636D7 /* GeoFire.m */,
				87CACC261FCAE98B00B636D7 /* GFGeoHashQuery.m */,
				87CACC271FCAE98B00B636D7 /* GFQuery.m */,
				87CACC281FCAE98B00B636D7 /* GFGeoHash.m */,
			);
			path = Implementation;
			sourceTree = "<group>";
		};
		87CACC291FCAE98B00B636D7 /* API */ = {
			isa = PBXGroup;
			children = (
				87CACC2A1FCAE98B00B636D7 /* GFRegionQuery.h */,
				87CACC2B1FCAE98B00B636D7 /* GeoFire.h */,
				87CACC2C1FCAE98B00B636D7 /* GFQuery.h */,
				87CACC2D1FCAE98B00B636D7 /* GFCircleQuery.h */,
			);
			path = API;
			sourceTree = "<group>";
		};
		88A5E725FD0FC58B8B6FD07E /* Frameworks */ = {
			isa = PBXGroup;
			children = (
				E1DF4239419370FB39BCCDEF /* Pods_PokeFinder.framework */,
			);
			name = Frameworks;
			sourceTree = "<group>";
		};
		C0A5C9CA8EEA275C90DE128E /* Pods */ = {
			isa = PBXGroup;
			children = (
				0B67C2F3D8DF0A766702881A /* Pods-PokeFinder.debug.xcconfig */,
				174EF5E9CBBBE08BBE6B776A /* Pods-PokeFinder.release.xcconfig */,
			);
			name = Pods;
			sourceTree = "<group>";
		};
/* End PBXGroup section */

/* Begin PBXNativeTarget section */
		87B5CD6E1FCAE6340095EF8A /* PokeFinder */ = {
			isa = PBXNativeTarget;
			buildConfigurationList = 87B5CD811FCAE6340095EF8A /* Build configuration list for PBXNativeTarget "PokeFinder" */;
			buildPhases = (
				7D1F87B3E19F5C387A03453C /* [CP] Check Pods Manifest.lock */,
				87B5CD6B1FCAE6340095EF8A /* Sources */,
				87B5CD6C1FCAE6340095EF8A /* Frameworks */,
				87B5CD6D1FCAE6340095EF8A /* Resources */,
				7F2418AFB6A04261BA70A4E2 /* [CP] Embed Pods Frameworks */,
				0AB92622AA1D11D4B99A0CB7 /* [CP] Copy Pods Resources */,
			);
			buildRules = (
			);
			dependencies = (
			);
			name = PokeFinder;
			productName = PokeFinder;
			productReference = 87B5CD6F1FCAE6340095EF8A /* PokeFinder.app */;
			productType = "com.apple.product-type.application";
		};
/* End PBXNativeTarget section */

/* Begin PBXProject section */
		87B5CD671FCAE6340095EF8A /* Project object */ = {
			isa = PBXProject;
			attributes = {
				LastSwiftUpdateCheck = 0910;
				LastUpgradeCheck = 0910;
				ORGANIZATIONNAME = "Ruslan Akberov";
				TargetAttributes = {
					87B5CD6E1FCAE6340095EF8A = {
						CreatedOnToolsVersion = 9.1;
						ProvisioningStyle = Automatic;
					};
				};
			};
			buildConfigurationList = 87B5CD6A1FCAE6340095EF8A /* Build configuration list for PBXProject "PokeFinder" */;
			compatibilityVersion = "Xcode 8.0";
			developmentRegion = en;
			hasScannedForEncodings = 0;
			knownRegions = (
				en,
				Base,
			);
			mainGroup = 87B5CD661FCAE6340095EF8A;
			productRefGroup = 87B5CD701FCAE6340095EF8A /* Products */;
			projectDirPath = "";
			projectRoot = "";
			targets = (
				87B5CD6E1FCAE6340095EF8A /* PokeFinder */,
			);
		};
/* End PBXProject section */

/* Begin PBXResourcesBuildPhase section */
		87B5CD6D1FCAE6340095EF8A /* Resources */ = {
			isa = PBXResourcesBuildPhase;
			buildActionMask = 2147483647;
			files = (
				87B5CD7D1FCAE6340095EF8A /* LaunchScreen.storyboard in Resources */,
				87B5CD851FCAE67B0095EF8A /* GoogleService-Info.plist in Resources */,
				87B5CD7A1FCAE6340095EF8A /* Assets.xcassets in Resources */,
				87B5CD781FCAE6340095EF8A /* Main.storyboard in Resources */,
			);
			runOnlyForDeploymentPostprocessing = 0;
		};
/* End PBXResourcesBuildPhase section */

/* Begin PBXShellScriptBuildPhase section */
		0AB92622AA1D11D4B99A0CB7 /* [CP] Copy Pods Resources */ = {
			isa = PBXShellScriptBuildPhase;
			buildActionMask = 2147483647;
			files = (
			);
			inputPaths = (
			);
			name = "[CP] Copy Pods Resources";
			outputPaths = (
			);
			runOnlyForDeploymentPostprocessing = 0;
			shellPath = /bin/sh;
			shellScript = "\"${SRCROOT}/Pods/Target Support Files/Pods-PokeFinder/Pods-PokeFinder-resources.sh\"\n";
			showEnvVarsInLog = 0;
		};
		7D1F87B3E19F5C387A03453C /* [CP] Check Pods Manifest.lock */ = {
			isa = PBXShellScriptBuildPhase;
			buildActionMask = 2147483647;
			files = (
			);
			inputPaths = (
				"${PODS_PODFILE_DIR_PATH}/Podfile.lock",
				"${PODS_ROOT}/Manifest.lock",
			);
			name = "[CP] Check Pods Manifest.lock";
			outputPaths = (
				"$(DERIVED_FILE_DIR)/Pods-PokeFinder-checkManifestLockResult.txt",
			);
			runOnlyForDeploymentPostprocessing = 0;
			shellPath = /bin/sh;
			shellScript = "diff \"${PODS_PODFILE_DIR_PATH}/Podfile.lock\" \"${PODS_ROOT}/Manifest.lock\" > /dev/null\nif [ $? != 0 ] ; then\n    # print error to STDERR\n    echo \"error: The sandbox is not in sync with the Podfile.lock. Run 'pod install' or update your CocoaPods installation.\" >&2\n    exit 1\nfi\n# This output is used by Xcode 'outputs' to avoid re-running this script phase.\necho \"SUCCESS\" > \"${SCRIPT_OUTPUT_FILE_0}\"\n";
			showEnvVarsInLog = 0;
		};
		7F2418AFB6A04261BA70A4E2 /* [CP] Embed Pods Frameworks */ = {
			isa = PBXShellScriptBuildPhase;
			buildActionMask = 2147483647;
			files = (
			);
			inputPaths = (
				"${SRCROOT}/Pods/Target Support Files/Pods-PokeFinder/Pods-PokeFinder-frameworks.sh",
				"${BUILT_PRODUCTS_DIR}/GoogleToolboxForMac/GoogleToolboxForMac.framework",
				"${BUILT_PRODUCTS_DIR}/leveldb-library/leveldb.framework",
				"${BUILT_PRODUCTS_DIR}/nanopb/nanopb.framework",
			);
			name = "[CP] Embed Pods Frameworks";
			outputPaths = (
				"${TARGET_BUILD_DIR}/${FRAMEWORKS_FOLDER_PATH}/GoogleToolboxForMac.framework",
				"${TARGET_BUILD_DIR}/${FRAMEWORKS_FOLDER_PATH}/leveldb.framework",
				"${TARGET_BUILD_DIR}/${FRAMEWORKS_FOLDER_PATH}/nanopb.framework",
			);
			runOnlyForDeploymentPostprocessing = 0;
			shellPath = /bin/sh;
			shellScript = "\"${SRCROOT}/Pods/Target Support Files/Pods-PokeFinder/Pods-PokeFinder-frameworks.sh\"\n";
			showEnvVarsInLog = 0;
		};
/* End PBXShellScriptBuildPhase section */

/* Begin PBXSourcesBuildPhase section */
		87B5CD6B1FCAE6340095EF8A /* Sources */ = {
			isa = PBXSourcesBuildPhase;
			buildActionMask = 2147483647;
			files = (
				87B5CD751FCAE6340095EF8A /* ViewController.swift in Sources */,
				87CACC2F1FCAE98B00B636D7 /* GeoFire.m in Sources */,
				87B5CD731FCAE6340095EF8A /* AppDelegate.swift in Sources */,
				87CACC311FCAE98B00B636D7 /* GFQuery.m in Sources */,
				87CACC301FCAE98B00B636D7 /* GFGeoHashQuery.m in Sources */,
				87CACC321FCAE98B00B636D7 /* GFGeoHash.m in Sources */,
				87CACC2E1FCAE98B00B636D7 /* GFBase32Utils.m in Sources */,
			);
			runOnlyForDeploymentPostprocessing = 0;
		};
/* End PBXSourcesBuildPhase section */

/* Begin PBXVariantGroup section */
		87B5CD761FCAE6340095EF8A /* Main.storyboard */ = {
			isa = PBXVariantGroup;
			children = (
				87B5CD771FCAE6340095EF8A /* Base */,
			);
			name = Main.storyboard;
			sourceTree = "<group>";
		};
		87B5CD7B1FCAE6340095EF8A /* LaunchScreen.storyboard */ = {
			isa = PBXVariantGroup;
			children = (
				87B5CD7C1FCAE6340095EF8A /* Base */,
			);
			name = LaunchScreen.storyboard;
			sourceTree = "<group>";
		};
/* End PBXVariantGroup section */

/* Begin XCBuildConfiguration section */
		87B5CD7F1FCAE6340095EF8A /* Debug */ = {
			isa = XCBuildConfiguration;
			buildSettings = {
				ALWAYS_SEARCH_USER_PATHS = NO;
				CLANG_ANALYZER_NONNULL = YES;
				CLANG_ANALYZER_NUMBER_OBJECT_CONVERSION = YES_AGGRESSIVE;
				CLANG_CXX_LANGUAGE_STANDARD = "gnu++14";
				CLANG_CXX_LIBRARY = "libc++";
				CLANG_ENABLE_MODULES = YES;
				CLANG_ENABLE_OBJC_ARC = YES;
				CLANG_WARN_BLOCK_CAPTURE_AUTORELEASING = YES;
				CLANG_WARN_BOOL_CONVERSION = YES;
				CLANG_WARN_COMMA = YES;
				CLANG_WARN_CONSTANT_CONVERSION = YES;
				CLANG_WARN_DIRECT_OBJC_ISA_USAGE = YES_ERROR;
				CLANG_WARN_DOCUMENTATION_COMMENTS = YES;
				CLANG_WARN_EMPTY_BODY = YES;
				CLANG_WARN_ENUM_CONVERSION = YES;
				CLANG_WARN_INFINITE_RECURSION = YES;
				CLANG_WARN_INT_CONVERSION = YES;
				CLANG_WARN_NON_LITERAL_NULL_CONVERSION = YES;
				CLANG_WARN_OBJC_LITERAL_CONVERSION = YES;
				CLANG_WARN_OBJC_ROOT_CLASS = YES_ERROR;
				CLANG_WARN_RANGE_LOOP_ANALYSIS = YES;
				CLANG_WARN_STRICT_PROTOTYPES = YES;
				CLANG_WARN_SUSPICIOUS_MOVE = YES;
				CLANG_WARN_UNGUARDED_AVAILABILITY = YES_AGGRESSIVE;
				CLANG_WARN_UNREACHABLE_CODE = YES;
				CLANG_WARN__DUPLICATE_METHOD_MATCH = YES;
				CODE_SIGN_IDENTITY = "iPhone Developer";
				COPY_PHASE_STRIP = NO;
				DEBUG_INFORMATION_FORMAT = dwarf;
				ENABLE_STRICT_OBJC_MSGSEND = YES;
				ENABLE_TESTABILITY = YES;
				GCC_C_LANGUAGE_STANDARD = gnu11;
				GCC_DYNAMIC_NO_PIC = NO;
				GCC_NO_COMMON_BLOCKS = YES;
				GCC_OPTIMIZATION_LEVEL = 0;
				GCC_PREPROCESSOR_DEFINITIONS = (
					"DEBUG=1",
					"$(inherited)",
				);
				GCC_WARN_64_TO_32_BIT_CONVERSION = YES;
				GCC_WARN_ABOUT_RETURN_TYPE = YES_ERROR;
				GCC_WARN_UNDECLARED_SELECTOR = YES;
				GCC_WARN_UNINITIALIZED_AUTOS = YES_AGGRESSIVE;
				GCC_WARN_UNUSED_FUNCTION = YES;
				GCC_WARN_UNUSED_VARIABLE = YES;
				IPHONEOS_DEPLOYMENT_TARGET = 11.1;
				MTL_ENABLE_DEBUG_INFO = YES;
				ONLY_ACTIVE_ARCH = YES;
				SDKROOT = iphoneos;
				SWIFT_ACTIVE_COMPILATION_CONDITIONS = DEBUG;
				SWIFT_OPTIMIZATION_LEVEL = "-Onone";
			};
			name = Debug;
		};
		87B5CD801FCAE6340095EF8A /* Release */ = {
			isa = XCBuildConfiguration;
			buildSettings = {
				ALWAYS_SEARCH_USER_PATHS = NO;
				CLANG_ANALYZER_NONNULL = YES;
				CLANG_ANALYZER_NUMBER_OBJECT_CONVERSION = YES_AGGRESSIVE;
				CLANG_CXX_LANGUAGE_STANDARD = "gnu++14";
				CLANG_CXX_LIBRARY = "libc++";
				CLANG_ENABLE_MODULES = YES;
				CLANG_ENABLE_OBJC_ARC = YES;
				CLANG_WARN_BLOCK_CAPTURE_AUTORELEASING = YES;
				CLANG_WARN_BOOL_CONVERSION = YES;
				CLANG_WARN_COMMA = YES;
				CLANG_WARN_CONSTANT_CONVERSION = YES;
				CLANG_WARN_DIRECT_OBJC_ISA_USAGE = YES_ERROR;
				CLANG_WARN_DOCUMENTATION_COMMENTS = YES;
				CLANG_WARN_EMPTY_BODY = YES;
				CLANG_WARN_ENUM_CONVERSION = YES;
				CLANG_WARN_INFINITE_RECURSION = YES;
				CLANG_WARN_INT_CONVERSION = YES;
				CLANG_WARN_NON_LITERAL_NULL_CONVERSION = YES;
				CLANG_WARN_OBJC_LITERAL_CONVERSION = YES;
				CLANG_WARN_OBJC_ROOT_CLASS = YES_ERROR;
				CLANG_WARN_RANGE_LOOP_ANALYSIS = YES;
				CLANG_WARN_STRICT_PROTOTYPES = YES;
				CLANG_WARN_SUSPICIOUS_MOVE = YES;
				CLANG_WARN_UNGUARDED_AVAILABILITY = YES_AGGRESSIVE;
				CLANG_WARN_UNREACHABLE_CODE = YES;
				CLANG_WARN__DUPLICATE_METHOD_MATCH = YES;
				CODE_SIGN_IDENTITY = "iPhone Developer";
				COPY_PHASE_STRIP = NO;
				DEBUG_INFORMATION_FORMAT = "dwarf-with-dsym";
				ENABLE_NS_ASSERTIONS = NO;
				ENABLE_STRICT_OBJC_MSGSEND = YES;
				GCC_C_LANGUAGE_STANDARD = gnu11;
				GCC_NO_COMMON_BLOCKS = YES;
				GCC_WARN_64_TO_32_BIT_CONVERSION = YES;
				GCC_WARN_ABOUT_RETURN_TYPE = YES_ERROR;
				GCC_WARN_UNDECLARED_SELECTOR = YES;
				GCC_WARN_UNINITIALIZED_AUTOS = YES_AGGRESSIVE;
				GCC_WARN_UNUSED_FUNCTION = YES;
				GCC_WARN_UNUSED_VARIABLE = YES;
				IPHONEOS_DEPLOYMENT_TARGET = 11.1;
				MTL_ENABLE_DEBUG_INFO = NO;
				SDKROOT = iphoneos;
				SWIFT_OPTIMIZATION_LEVEL = "-Owholemodule";
				VALIDATE_PRODUCT = YES;
			};
			name = Release;
		};
		87B5CD821FCAE6340095EF8A /* Debug */ = {
			isa = XCBuildConfiguration;
			baseConfigurationReference = 0B67C2F3D8DF0A766702881A /* Pods-PokeFinder.debug.xcconfig */;
			buildSettings = {
				ASSETCATALOG_COMPILER_APPICON_NAME = AppIcon;
				CODE_SIGN_STYLE = Automatic;
				DEVELOPMENT_TEAM = JMYF9P9VY4;
				INFOPLIST_FILE = PokeFinder/Info.plist;
				LD_RUNPATH_SEARCH_PATHS = "$(inherited) @executable_path/Frameworks";
				PRODUCT_BUNDLE_IDENTIFIER = com.akberovapps.PokeFinder;
				PRODUCT_NAME = "$(TARGET_NAME)";
				SWIFT_OBJC_BRIDGING_HEADER = "PokeFinder/PokeFinder-Bridging-Header.h";
				SWIFT_VERSION = 4.0;
				TARGETED_DEVICE_FAMILY = "1,2";
			};
			name = Debug;
		};
		87B5CD831FCAE6340095EF8A /* Release */ = {
			isa = XCBuildConfiguration;
			baseConfigurationReference = 174EF5E9CBBBE08BBE6B776A /* Pods-PokeFinder.release.xcconfig */;
			buildSettings = {
				ASSETCATALOG_COMPILER_APPICON_NAME = AppIcon;
				CODE_SIGN_STYLE = Automatic;
				DEVELOPMENT_TEAM = JMYF9P9VY4;
				INFOPLIST_FILE = PokeFinder/Info.plist;
				LD_RUNPATH_SEARCH_PATHS = "$(inherited) @executable_path/Frameworks";
				PRODUCT_BUNDLE_IDENTIFIER = com.akberovapps.PokeFinder;
				PRODUCT_NAME = "$(TARGET_NAME)";
				SWIFT_OBJC_BRIDGING_HEADER = "PokeFinder/PokeFinder-Bridging-Header.h";
				SWIFT_VERSION = 4.0;
				TARGETED_DEVICE_FAMILY = "1,2";
			};
			name = Release;
		};
/* End XCBuildConfiguration section */

/* Begin XCConfigurationList section */
		87B5CD6A1FCAE6340095EF8A /* Build configuration list for PBXProject "PokeFinder" */ = {
			isa = XCConfigurationList;
			buildConfigurations = (
				87B5CD7F1FCAE6340095EF8A /* Debug */,
				87B5CD801FCAE6340095EF8A /* Release */,
			);
			defaultConfigurationIsVisible = 0;
			defaultConfigurationName = Release;
		};
		87B5CD811FCAE6340095EF8A /* Build configuration list for PBXNativeTarget "PokeFinder" */ = {
			isa = XCConfigurationList;
			buildConfigurations = (
				87B5CD821FCAE6340095EF8A /* Debug */,
				87B5CD831FCAE6340095EF8A /* Release */,
			);
			defaultConfigurationIsVisible = 0;
			defaultConfigurationName = Release;
		};
/* End XCConfigurationList section */
	};
	rootObject = 87B5CD671FCAE6340095EF8A /* Project object */;
}
